
Microsoft Visual Studio Solution File, Format Version 12.00
# Visual Studio Version 17
VisualStudioVersion = 17.11.35303.130
MinimumVisualStudioVersion = 10.0.40219.1
Project("{FAE04EC0-301F-11D3-BF4B-00C04F79EFBC}") = "NotesE", "NotesE\NotesE.csproj", "{CAA293A6-0817-4A77-B683-B632B0DE3DAE}"
EndProject
Global
	GlobalSection(SolutionConfigurationPlatforms) = preSolution
		Debug|Any CPU = Debug|Any CPU
		Release|Any CPU = Release|Any CPU
	EndGlobalSection
	GlobalSection(ProjectConfigurationPlatforms) = postSolution
		{CAA293A6-0817-4A77-B683-B632B0DE3DAE}.Debug|Any CPU.ActiveCfg = Debug|Any CPU
		{CAA293A6-0817-4A77-B683-B632B0DE3DAE}.Debug|Any CPU.Build.0 = Debug|Any CPU
		{CAA293A6-0817-4A77-B683-B632B0DE3DAE}.Debug|Any CPU.Deploy.0 = Debug|Any CPU
		{CAA293A6-0817-4A77-B683-B632B0DE3DAE}.Release|Any CPU.ActiveCfg = Release|Any CPU
		{CAA293A6-0817-4A77-B683-B632B0DE3DAE}.Release|Any CPU.Build.0 = Release|Any CPU
		{CAA293A6-0817-4A77-B683-B632B0DE3DAE}.Release|Any CPU.Deploy.0 = Release|Any CPU
	EndGlobalSection
	GlobalSection(SolutionProperties) = preSolution
		HideSolutionNode = FALSE
	EndGlobalSection
	GlobalSection(ExtensibilityGlobals) = postSolution
		SolutionGuid = {6BA402DA-CBC2-4219-B821-102A5EC905E8}
	EndGlobalSection
EndGlobal
